
Microsoft Visual Studio Solution File, Format Version 12.00
# Visual Studio Version 17
VisualStudioVersion = 17.14.36109.1
MinimumVisualStudioVersion = 10.0.40219.1
Project("{FAE04EC0-301F-11D3-BF4B-00C04F79EFBC}") = "VagueVault", "VagueVault.csproj", "{8E70C217-481F-4CF2-A799-7F68F6A24146}"
EndProject
Global
	GlobalSection(SolutionConfigurationPlatforms) = preSolution
		Debug|Any CPU = Debug|Any CPU
		Release|Any CPU = Release|Any CPU
	EndGlobalSection
	GlobalSection(ProjectConfigurationPlatforms) = postSolution
		{8E70C217-481F-4CF2-A799-7F68F6A24146}.Debug|Any CPU.ActiveCfg = Debug|Any CPU
		{8E70C217-481F-4CF2-A799-7F68F6A24146}.Debug|Any CPU.Build.0 = Debug|Any CPU
		{8E70C217-481F-4CF2-A799-7F68F6A24146}.Release|Any CPU.ActiveCfg = Release|Any CPU
		{8E70C217-481F-4CF2-A799-7F68F6A24146}.Release|Any CPU.Build.0 = Release|Any CPU
	EndGlobalSection
	GlobalSection(SolutionProperties) = preSolution
		HideSolutionNode = FALSE
	EndGlobalSection
	GlobalSection(ExtensibilityGlobals) = postSolution
		SolutionGuid = {615F3763-1682-4092-80F2-1DC665BBAA4B}
	EndGlobalSection
EndGlobal
